
Microsoft Visual Studio Solution File, Format Version 12.00
# Visual Studio Version 17
VisualStudioVersion = 17.9.34622.214
MinimumVisualStudioVersion = 10.0.40219.1
Project("{FAE04EC0-301F-11D3-BF4B-00C04F79EFBC}") = "Reto2", "Reto2\Reto2.csproj", "{DBBBF1CC-954D-4C0E-88B9-AE11286B5A80}"
EndProject
Global
	GlobalSection(SolutionConfigurationPlatforms) = preSolution
		Debug|Any CPU = Debug|Any CPU
		Release|Any CPU = Release|Any CPU
	EndGlobalSection
	GlobalSection(ProjectConfigurationPlatforms) = postSolution
		{DBBBF1CC-954D-4C0E-88B9-AE11286B5A80}.Debug|Any CPU.ActiveCfg = Debug|Any CPU
		{DBBBF1CC-954D-4C0E-88B9-AE11286B5A80}.Debug|Any CPU.Build.0 = Debug|Any CPU
		{DBBBF1CC-954D-4C0E-88B9-AE11286B5A80}.Release|Any CPU.ActiveCfg = Release|Any CPU
		{DBBBF1CC-954D-4C0E-88B9-AE11286B5A80}.Release|Any CPU.Build.0 = Release|Any CPU
	EndGlobalSection
	GlobalSection(SolutionProperties) = preSolution
		HideSolutionNode = FALSE
	EndGlobalSection
	GlobalSection(ExtensibilityGlobals) = postSolution
		SolutionGuid = {6D252B33-778C-4CD3-B8E5-8625953316D0}
	EndGlobalSection
EndGlobal
